
Microsoft Visual Studio Solution File, Format Version 12.00
# Visual Studio Version 17
VisualStudioVersion = 17.7.34018.315
MinimumVisualStudioVersion = 10.0.40219.1
Project("{FAE04EC0-301F-11D3-BF4B-00C04F79EFBC}") = "ColabRH.Data", "src\ColabRH.Data\ColabRH.Data.csproj", "{B6992132-85CB-445B-B656-C3AEFB1AFF0F}"
EndProject
Project("{FAE04EC0-301F-11D3-BF4B-00C04F79EFBC}") = "ColabRH.Business", "src\ColabRH.Business\ColabRH.Business.csproj", "{A0226187-424B-46B5-AB38-0D2A6B3AB4FB}"
EndProject
Project("{FAE04EC0-301F-11D3-BF4B-00C04F79EFBC}") = "ColabRH.Api", "src\ColabRH.Api\ColabRH.Api.csproj", "{0230EFC5-AD57-44C7-B854-AB8E24E47B44}"
EndProject
Global
	GlobalSection(SolutionConfigurationPlatforms) = preSolution
		Debug|Any CPU = Debug|Any CPU
		Release|Any CPU = Release|Any CPU
	EndGlobalSection
	GlobalSection(ProjectConfigurationPlatforms) = postSolution
		{B6992132-85CB-445B-B656-C3AEFB1AFF0F}.Debug|Any CPU.ActiveCfg = Debug|Any CPU
		{B6992132-85CB-445B-B656-C3AEFB1AFF0F}.Debug|Any CPU.Build.0 = Debug|Any CPU
		{B6992132-85CB-445B-B656-C3AEFB1AFF0F}.Release|Any CPU.ActiveCfg = Release|Any CPU
		{B6992132-85CB-445B-B656-C3AEFB1AFF0F}.Release|Any CPU.Build.0 = Release|Any CPU
		{A0226187-424B-46B5-AB38-0D2A6B3AB4FB}.Debug|Any CPU.ActiveCfg = Debug|Any CPU
		{A0226187-424B-46B5-AB38-0D2A6B3AB4FB}.Debug|Any CPU.Build.0 = Debug|Any CPU
		{A0226187-424B-46B5-AB38-0D2A6B3AB4FB}.Release|Any CPU.ActiveCfg = Release|Any CPU
		{A0226187-424B-46B5-AB38-0D2A6B3AB4FB}.Release|Any CPU.Build.0 = Release|Any CPU
		{0230EFC5-AD57-44C7-B854-AB8E24E47B44}.Debug|Any CPU.ActiveCfg = Debug|Any CPU
		{0230EFC5-AD57-44C7-B854-AB8E24E47B44}.Debug|Any CPU.Build.0 = Debug|Any CPU
		{0230EFC5-AD57-44C7-B854-AB8E24E47B44}.Release|Any CPU.ActiveCfg = Release|Any CPU
		{0230EFC5-AD57-44C7-B854-AB8E24E47B44}.Release|Any CPU.Build.0 = Release|Any CPU
	EndGlobalSection
	GlobalSection(SolutionProperties) = preSolution
		HideSolutionNode = FALSE
	EndGlobalSection
	GlobalSection(ExtensibilityGlobals) = postSolution
		SolutionGuid = {D2C90599-C39B-4FE2-A191-6D88C1C84CFC}
	EndGlobalSection
EndGlobal
